// !$*UTF8*$!
{
	archiveVersion = 1;
	classes = {
	};
	objectVersion = 77;
	objects = {

/* Begin PBXBuildFile section */
		10436F042EFD1F1E00B368D9 /* Assets.xcassets in Resources */ = {isa = PBXBuildFile; fileRef = 10436EFC2EFD1F1E00B368D9 /* Assets.xcassets */; };
		10436F052EFD1F1E00B368D9 /* SmileyRealityView.swift in Sources */ = {isa = PBXBuildFile; fileRef = 10436EEC2EFD1F1E00B368D9 /* SmileyRealityView.swift */; };
		10436F062EFD1F1E00B368D9 /* Yoga_of_EatingTests.swift in Sources */ = {isa = PBXBuildFile; fileRef = 10436EFF2EFD1F1E00B368D9 /* Yoga_of_EatingTests.swift */; };
		10436F072EFD1F1E00B368D9 /* YogaOfEatingApp.swift in Sources */ = {isa = PBXBuildFile; fileRef = 10436EFD2EFD1F1E00B368D9 /* YogaOfEatingApp.swift */; };
		10436F082EFD1F1E00B368D9 /* MealLogicService.swift in Sources */ = {isa = PBXBuildFile; fileRef = 10436EEE2EFD1F1E00B368D9 /* MealLogicService.swift */; };
		10436F0C2EFD1F1E00B368D9 /* NotificationManager.swift in Sources */ = {isa = PBXBuildFile; fileRef = 10436EEF2EFD1F1E00B368D9 /* NotificationManager.swift */; };
		10436F0D2EFD1F1E00B368D9 /* MainScreenView.swift in Sources */ = {isa = PBXBuildFile; fileRef = 10436EFA2EFD1F1E00B368D9 /* MainScreenView.swift */; };
		10436F0F2EFD1F1E00B368D9 /* Yoga_of_EatingUITests.swift in Sources */ = {isa = PBXBuildFile; fileRef = 10436F012EFD1F1E00B368D9 /* Yoga_of_EatingUITests.swift */; };
		10436F102EFD1F1E00B368D9 /* FlowchartWireView.swift in Sources */ = {isa = PBXBuildFile; fileRef = 10436EEB2EFD1F1E00B368D9 /* FlowchartWireView.swift */; };
		10436F112EFD1F1E00B368D9 /* SensoryService.swift in Sources */ = {isa = PBXBuildFile; fileRef = 10436EF02EFD1F1E00B368D9 /* SensoryService.swift */; };
		10436F122EFD1F1E00B368D9 /* MainViewModel.swift in Sources */ = {isa = PBXBuildFile; fileRef = 10436EF82EFD1F1E00B368D9 /* MainViewModel.swift */; };
		10436F132EFD1F1E00B368D9 /* Yoga_of_EatingUITestsLaunchTests.swift in Sources */ = {isa = PBXBuildFile; fileRef = 10436F022EFD1F1E00B368D9 /* Yoga_of_EatingUITestsLaunchTests.swift */; };
		10436F152EFD89EB00B368D9 /* MealTypeSelectorView.swift in Sources */ = {isa = PBXBuildFile; fileRef = 10436F142EFD89EB00B368D9 /* MealTypeSelectorView.swift */; };
		10436F172EFD8E5C00B368D9 /* MealTypeTag.swift in Sources */ = {isa = PBXBuildFile; fileRef = 10436F162EFD8E5C00B368D9 /* MealTypeTag.swift */; };
		10436F192EFD8E7200B368D9 /* PersistenceService.swift in Sources */ = {isa = PBXBuildFile; fileRef = 10436F182EFD8E7200B368D9 /* PersistenceService.swift */; };
		10436F202EFD951500B368D9 /* MealTests.swift in Sources */ = {isa = PBXBuildFile; fileRef = 10436F1E2EFD951500B368D9 /* MealTests.swift */; };
		10436F212EFD951500B368D9 /* PersistenceServiceTests.swift in Sources */ = {isa = PBXBuildFile; fileRef = 10436F1F2EFD951500B368D9 /* PersistenceServiceTests.swift */; };
		10436F242EFD984300B368D9 /* MainViewModelTests.swift in Sources */ = {isa = PBXBuildFile; fileRef = 10436EF42EFD1F1E00B368D9 /* MainViewModelTests.swift */; };
		10436F252EFD984D00B368D9 /* MealLogicTests.swift in Sources */ = {isa = PBXBuildFile; fileRef = 10436EF52EFD1F1E00B368D9 /* MealLogicTests.swift */; };
		10436F262EFD985300B368D9 /* NotificationManagerTests.swift in Sources */ = {isa = PBXBuildFile; fileRef = 10436EF62EFD1F1E00B368D9 /* NotificationManagerTests.swift */; };
		21A714312C15D1FB3CEFA46A /* Meal.swift in Sources */ = {isa = PBXBuildFile; fileRef = 8DF2AC490C77147EF67FA03B /* Meal.swift */; };
		D62B6A603E9A438FDEE103CB /* SettingsView.swift in Sources */ = {isa = PBXBuildFile; fileRef = F266B081A06856F178B950DC /* SettingsView.swift */; };
		DFF00FA35EA76A89054B4FA4 /* JournalBlockView.swift in Sources */ = {isa = PBXBuildFile; fileRef = FEA58E7619E6CBC3E85734DE /* JournalBlockView.swift */; };
		FF0B321DF6484164ADC1CC51 /* SmileyState.swift in Sources */ = {isa = PBXBuildFile; fileRef = 09E379492D3060B285DF914E /* SmileyState.swift */; };
/* End PBXBuildFile section */

/* Begin PBXContainerItemProxy section */
		10436EB12EFD1ADB00B368D9 /* PBXContainerItemProxy */ = {
			isa = PBXContainerItemProxy;
			containerPortal = 10436E9B2EFD1ADA00B368D9 /* Project object */;
			proxyType = 1;
			remoteGlobalIDString = 10436EA22EFD1ADA00B368D9;
			remoteInfo = "Yoga of Eating";
		};
		10436EBB2EFD1ADB00B368D9 /* PBXContainerItemProxy */ = {
			isa = PBXContainerItemProxy;
			containerPortal = 10436E9B2EFD1ADA00B368D9 /* Project object */;
			proxyType = 1;
			remoteGlobalIDString = 10436EA22EFD1ADA00B368D9;
			remoteInfo = "Yoga of Eating";
		};
/* End PBXContainerItemProxy section */

/* Begin PBXFileReference section */
		09E379492D3060B285DF914E /* SmileyState.swift */ = {isa = PBXFileReference; includeInIndex = 1; lastKnownFileType = sourcecode.swift; path = SmileyState.swift; sourceTree = "<group>"; };
		10436EA32EFD1ADA00B368D9 /* Yoga of Eating.app */ = {isa = PBXFileReference; explicitFileType = wrapper.application; includeInIndex = 0; path = "Yoga of Eating.app"; sourceTree = BUILT_PRODUCTS_DIR; };
		10436EB02EFD1ADB00B368D9 /* Yoga of EatingTests.xctest */ = {isa = PBXFileReference; explicitFileType = wrapper.cfbundle; includeInIndex = 0; path = "Yoga of EatingTests.xctest"; sourceTree = BUILT_PRODUCTS_DIR; };
		10436EBA2EFD1ADB00B368D9 /* Yoga of EatingUITests.xctest */ = {isa = PBXFileReference; explicitFileType = wrapper.cfbundle; includeInIndex = 0; path = "Yoga of EatingUITests.xctest"; sourceTree = BUILT_PRODUCTS_DIR; };
		10436EEB2EFD1F1E00B368D9 /* FlowchartWireView.swift */ = {isa = PBXFileReference; lastKnownFileType = sourcecode.swift; path = FlowchartWireView.swift; sourceTree = "<group>"; };
		10436EEC2EFD1F1E00B368D9 /* SmileyRealityView.swift */ = {isa = PBXFileReference; lastKnownFileType = sourcecode.swift; path = SmileyRealityView.swift; sourceTree = "<group>"; };
		10436EEE2EFD1F1E00B368D9 /* MealLogicService.swift */ = {isa = PBXFileReference; lastKnownFileType = sourcecode.swift; path = MealLogicService.swift; sourceTree = "<group>"; };
		10436EEF2EFD1F1E00B368D9 /* NotificationManager.swift */ = {isa = PBXFileReference; lastKnownFileType = sourcecode.swift; path = NotificationManager.swift; sourceTree = "<group>"; };
		10436EF02EFD1F1E00B368D9 /* SensoryService.swift */ = {isa = PBXFileReference; lastKnownFileType = sourcecode.swift; path = SensoryService.swift; sourceTree = "<group>"; };
		10436EF42EFD1F1E00B368D9 /* MainViewModelTests.swift */ = {isa = PBXFileReference; lastKnownFileType = sourcecode.swift; path = MainViewModelTests.swift; sourceTree = "<group>"; };
		10436EF52EFD1F1E00B368D9 /* MealLogicTests.swift */ = {isa = PBXFileReference; lastKnownFileType = sourcecode.swift; path = MealLogicTests.swift; sourceTree = "<group>"; };
		10436EF62EFD1F1E00B368D9 /* NotificationManagerTests.swift */ = {isa = PBXFileReference; lastKnownFileType = sourcecode.swift; path = NotificationManagerTests.swift; sourceTree = "<group>"; };
		10436EF82EFD1F1E00B368D9 /* MainViewModel.swift */ = {isa = PBXFileReference; lastKnownFileType = sourcecode.swift; path = MainViewModel.swift; sourceTree = "<group>"; };
		10436EFA2EFD1F1E00B368D9 /* MainScreenView.swift */ = {isa = PBXFileReference; lastKnownFileType = sourcecode.swift; path = MainScreenView.swift; sourceTree = "<group>"; };
		10436EFC2EFD1F1E00B368D9 /* Assets.xcassets */ = {isa = PBXFileReference; lastKnownFileType = folder.assetcatalog; path = Assets.xcassets; sourceTree = "<group>"; };
		10436EFD2EFD1F1E00B368D9 /* YogaOfEatingApp.swift */ = {isa = PBXFileReference; lastKnownFileType = sourcecode.swift; path = YogaOfEatingApp.swift; sourceTree = "<group>"; };
		10436EFF2EFD1F1E00B368D9 /* Yoga_of_EatingTests.swift */ = {isa = PBXFileReference; lastKnownFileType = sourcecode.swift; path = Yoga_of_EatingTests.swift; sourceTree = "<group>"; };
		10436F012EFD1F1E00B368D9 /* Yoga_of_EatingUITests.swift */ = {isa = PBXFileReference; lastKnownFileType = sourcecode.swift; path = Yoga_of_EatingUITests.swift; sourceTree = "<group>"; };
		10436F022EFD1F1E00B368D9 /* Yoga_of_EatingUITestsLaunchTests.swift */ = {isa = PBXFileReference; lastKnownFileType = sourcecode.swift; path = Yoga_of_EatingUITestsLaunchTests.swift; sourceTree = "<group>"; };
		10436F142EFD89EB00B368D9 /* MealTypeSelectorView.swift */ = {isa = PBXFileReference; lastKnownFileType = sourcecode.swift; path = MealTypeSelectorView.swift; sourceTree = "<group>"; };
		10436F162EFD8E5C00B368D9 /* MealTypeTag.swift */ = {isa = PBXFileReference; lastKnownFileType = sourcecode.swift; path = MealTypeTag.swift; sourceTree = "<group>"; };
		10436F182EFD8E7200B368D9 /* PersistenceService.swift */ = {isa = PBXFileReference; lastKnownFileType = sourcecode.swift; path = PersistenceService.swift; sourceTree = "<group>"; };
		10436F1E2EFD951500B368D9 /* MealTests.swift */ = {isa = PBXFileReference; lastKnownFileType = sourcecode.swift; path = MealTests.swift; sourceTree = "<group>"; };
		10436F1F2EFD951500B368D9 /* PersistenceServiceTests.swift */ = {isa = PBXFileReference; lastKnownFileType = sourcecode.swift; path = PersistenceServiceTests.swift; sourceTree = "<group>"; };
		8DF2AC490C77147EF67FA03B /* Meal.swift */ = {isa = PBXFileReference; includeInIndex = 1; lastKnownFileType = sourcecode.swift; path = Meal.swift; sourceTree = "<group>"; };
		F266B081A06856F178B950DC /* SettingsView.swift */ = {isa = PBXFileReference; includeInIndex = 1; lastKnownFileType = sourcecode.swift; path = SettingsView.swift; sourceTree = "<group>"; };
		FEA58E7619E6CBC3E85734DE /* JournalBlockView.swift */ = {isa = PBXFileReference; includeInIndex = 1; lastKnownFileType = sourcecode.swift; path = JournalBlockView.swift; sourceTree = "<group>"; };
/* End PBXFileReference section */

/* Begin PBXFrameworksBuildPhase section */
		10436EA02EFD1ADA00B368D9 /* Frameworks */ = {
			isa = PBXFrameworksBuildPhase;
			buildActionMask = 2147483647;
			files = (
			);
			runOnlyForDeploymentPostprocessing = 0;
		};
		10436EAD2EFD1ADB00B368D9 /* Frameworks */ = {
			isa = PBXFrameworksBuildPhase;
			buildActionMask = 2147483647;
			files = (
			);
			runOnlyForDeploymentPostprocessing = 0;
		};
		10436EB72EFD1ADB00B368D9 /* Frameworks */ = {
			isa = PBXFrameworksBuildPhase;
			buildActionMask = 2147483647;
			files = (
			);
			runOnlyForDeploymentPostprocessing = 0;
		};
/* End PBXFrameworksBuildPhase section */

/* Begin PBXGroup section */
		10436E9A2EFD1ADA00B368D9 = {
			isa = PBXGroup;
			children = (
				10436EFE2EFD1F1E00B368D9 /* Yoga of Eating */,
				10436F002EFD1F1E00B368D9 /* Yoga of EatingTests */,
				10436F032EFD1F1E00B368D9 /* Yoga of EatingUITests */,
				10436EA42EFD1ADA00B368D9 /* Products */,
			);
			sourceTree = "<group>";
		};
		10436EA42EFD1ADA00B368D9 /* Products */ = {
			isa = PBXGroup;
			children = (
				10436EA32EFD1ADA00B368D9 /* Yoga of Eating.app */,
				10436EB02EFD1ADB00B368D9 /* Yoga of EatingTests.xctest */,
				10436EBA2EFD1ADB00B368D9 /* Yoga of EatingUITests.xctest */,
			);
			name = Products;
			sourceTree = "<group>";
		};
		10436EED2EFD1F1E00B368D9 /* Components */ = {
			isa = PBXGroup;
			children = (
				10436F162EFD8E5C00B368D9 /* MealTypeTag.swift */,
				10436F142EFD89EB00B368D9 /* MealTypeSelectorView.swift */,
				10436EEB2EFD1F1E00B368D9 /* FlowchartWireView.swift */,
				10436EEC2EFD1F1E00B368D9 /* SmileyRealityView.swift */,
			);
			path = Components;
			sourceTree = "<group>";
		};
		10436EF12EFD1F1E00B368D9 /* Logic */ = {
			isa = PBXGroup;
			children = (
				10436F182EFD8E7200B368D9 /* PersistenceService.swift */,
				10436EEE2EFD1F1E00B368D9 /* MealLogicService.swift */,
				10436EEF2EFD1F1E00B368D9 /* NotificationManager.swift */,
				10436EF02EFD1F1E00B368D9 /* SensoryService.swift */,
			);
			path = Logic;
			sourceTree = "<group>";
		};
		10436EF32EFD1F1E00B368D9 /* Models */ = {
			isa = PBXGroup;
			children = (
				8DF2AC490C77147EF67FA03B /* Meal.swift */,
				09E379492D3060B285DF914E /* SmileyState.swift */,
			);
			path = Models;
			sourceTree = "<group>";
		};
		10436EF72EFD1F1E00B368D9 /* Tests */ = {
			isa = PBXGroup;
			children = (
				10436F1E2EFD951500B368D9 /* MealTests.swift */,
				10436F1F2EFD951500B368D9 /* PersistenceServiceTests.swift */,
				10436EF42EFD1F1E00B368D9 /* MainViewModelTests.swift */,
				10436EF52EFD1F1E00B368D9 /* MealLogicTests.swift */,
				10436EF62EFD1F1E00B368D9 /* NotificationManagerTests.swift */,
			);
			path = Tests;
			sourceTree = "<group>";
		};
		10436EF92EFD1F1E00B368D9 /* ViewModels */ = {
			isa = PBXGroup;
			children = (
				10436EF82EFD1F1E00B368D9 /* MainViewModel.swift */,
			);
			path = ViewModels;
			sourceTree = "<group>";
		};
		10436EFB2EFD1F1E00B368D9 /* Views */ = {
			isa = PBXGroup;
			children = (
				10436EFA2EFD1F1E00B368D9 /* MainScreenView.swift */,
				F266B081A06856F178B950DC /* SettingsView.swift */,
				FEA58E7619E6CBC3E85734DE /* JournalBlockView.swift */,
			);
			path = Views;
			sourceTree = "<group>";
		};
		10436EFE2EFD1F1E00B368D9 /* Yoga of Eating */ = {
			isa = PBXGroup;
			children = (
				10436EED2EFD1F1E00B368D9 /* Components */,
				10436EF12EFD1F1E00B368D9 /* Logic */,
				10436EF32EFD1F1E00B368D9 /* Models */,
				10436EF72EFD1F1E00B368D9 /* Tests */,
				10436EF92EFD1F1E00B368D9 /* ViewModels */,
				10436EFB2EFD1F1E00B368D9 /* Views */,
				10436EFC2EFD1F1E00B368D9 /* Assets.xcassets */,
				10436EFD2EFD1F1E00B368D9 /* YogaOfEatingApp.swift */,
			);
			path = "Yoga of Eating";
			sourceTree = "<group>";
		};
		10436F002EFD1F1E00B368D9 /* Yoga of EatingTests */ = {
			isa = PBXGroup;
			children = (
				10436EFF2EFD1F1E00B368D9 /* Yoga_of_EatingTests.swift */,
			);
			path = "Yoga of EatingTests";
			sourceTree = "<group>";
		};
		10436F032EFD1F1E00B368D9 /* Yoga of EatingUITests */ = {
			isa = PBXGroup;
			children = (
				10436F012EFD1F1E00B368D9 /* Yoga_of_EatingUITests.swift */,
				10436F022EFD1F1E00B368D9 /* Yoga_of_EatingUITestsLaunchTests.swift */,
			);
			path = "Yoga of EatingUITests";
			sourceTree = "<group>";
		};
/* End PBXGroup section */

/* Begin PBXNativeTarget section */
		10436EA22EFD1ADA00B368D9 /* Yoga of Eating */ = {
			isa = PBXNativeTarget;
			buildConfigurationList = 10436EC42EFD1ADB00B368D9 /* Build configuration list for PBXNativeTarget "Yoga of Eating" */;
			buildPhases = (
				838323E1A1509BFF74CB23C2 /* SwiftFormat */,
				2E14653B40B3CCB95435C7E0 /* SwiftLint */,
				10436E9F2EFD1ADA00B368D9 /* Sources */,
				10436EA02EFD1ADA00B368D9 /* Frameworks */,
				10436EA12EFD1ADA00B368D9 /* Resources */,
			);
			buildRules = (
			);
			dependencies = (
			);
			name = "Yoga of Eating";
			productName = "Yoga of Eating";
			productReference = 10436EA32EFD1ADA00B368D9 /* Yoga of Eating.app */;
			productType = "com.apple.product-type.application";
		};
		10436EAF2EFD1ADB00B368D9 /* Yoga of EatingTests */ = {
			isa = PBXNativeTarget;
			buildConfigurationList = 10436EC72EFD1ADB00B368D9 /* Build configuration list for PBXNativeTarget "Yoga of EatingTests" */;
			buildPhases = (
				10436EAC2EFD1ADB00B368D9 /* Sources */,
				10436EAD2EFD1ADB00B368D9 /* Frameworks */,
				10436EAE2EFD1ADB00B368D9 /* Resources */,
			);
			buildRules = (
			);
			dependencies = (
				10436EB22EFD1ADB00B368D9 /* PBXTargetDependency */,
			);
			name = "Yoga of EatingTests";
			productName = "Yoga of EatingTests";
			productReference = 10436EB02EFD1ADB00B368D9 /* Yoga of EatingTests.xctest */;
			productType = "com.apple.product-type.bundle.unit-test";
		};
		10436EB92EFD1ADB00B368D9 /* Yoga of EatingUITests */ = {
			isa = PBXNativeTarget;
			buildConfigurationList = 10436ECA2EFD1ADB00B368D9 /* Build configuration list for PBXNativeTarget "Yoga of EatingUITests" */;
			buildPhases = (
				10436EB62EFD1ADB00B368D9 /* Sources */,
				10436EB72EFD1ADB00B368D9 /* Frameworks */,
				10436EB82EFD1ADB00B368D9 /* Resources */,
			);
			buildRules = (
			);
			dependencies = (
				10436EBC2EFD1ADB00B368D9 /* PBXTargetDependency */,
			);
			name = "Yoga of EatingUITests";
			productName = "Yoga of EatingUITests";
			productReference = 10436EBA2EFD1ADB00B368D9 /* Yoga of EatingUITests.xctest */;
			productType = "com.apple.product-type.bundle.ui-testing";
		};
/* End PBXNativeTarget section */

/* Begin PBXProject section */
		10436E9B2EFD1ADA00B368D9 /* Project object */ = {
			isa = PBXProject;
			attributes = {
				BuildIndependentTargetsInParallel = 1;
				LastSwiftUpdateCheck = 2620;
				LastUpgradeCheck = 2620;
				TargetAttributes = {
					10436EA22EFD1ADA00B368D9 = {
						CreatedOnToolsVersion = 26.2;
					};
					10436EAF2EFD1ADB00B368D9 = {
						CreatedOnToolsVersion = 26.2;
						LastSwiftMigration = 2620;
						TestTargetID = 10436EA22EFD1ADA00B368D9;
					};
					10436EB92EFD1ADB00B368D9 = {
						CreatedOnToolsVersion = 26.2;
						TestTargetID = 10436EA22EFD1ADA00B368D9;
					};
				};
			};
			buildConfigurationList = 10436E9E2EFD1ADA00B368D9 /* Build configuration list for PBXProject "Yoga of Eating" */;
			developmentRegion = en;
			hasScannedForEncodings = 0;
			knownRegions = (
				en,
				Base,
			);
			mainGroup = 10436E9A2EFD1ADA00B368D9;
			minimizedProjectReferenceProxies = 1;
			preferredProjectObjectVersion = 77;
			productRefGroup = 10436EA42EFD1ADA00B368D9 /* Products */;
			projectDirPath = "";
			projectRoot = "";
			targets = (
				10436EA22EFD1ADA00B368D9 /* Yoga of Eating */,
				10436EAF2EFD1ADB00B368D9 /* Yoga of EatingTests */,
				10436EB92EFD1ADB00B368D9 /* Yoga of EatingUITests */,
			);
		};
/* End PBXProject section */

/* Begin PBXResourcesBuildPhase section */
		10436EA12EFD1ADA00B368D9 /* Resources */ = {
			isa = PBXResourcesBuildPhase;
			buildActionMask = 2147483647;
			files = (
				10436F042EFD1F1E00B368D9 /* Assets.xcassets in Resources */,
			);
			runOnlyForDeploymentPostprocessing = 0;
		};
		10436EAE2EFD1ADB00B368D9 /* Resources */ = {
			isa = PBXResourcesBuildPhase;
			buildActionMask = 2147483647;
			files = (
			);
			runOnlyForDeploymentPostprocessing = 0;
		};
		10436EB82EFD1ADB00B368D9 /* Resources */ = {
			isa = PBXResourcesBuildPhase;
			buildActionMask = 2147483647;
			files = (
			);
			runOnlyForDeploymentPostprocessing = 0;
		};
/* End PBXResourcesBuildPhase section */

/* Begin PBXShellScriptBuildPhase section */
		2E14653B40B3CCB95435C7E0 /* SwiftLint */ = {
			isa = PBXShellScriptBuildPhase;
			alwaysOutOfDate = 1;
			buildActionMask = 2147483647;
			files = (
			);
			inputFileListPaths = (
			);
			inputPaths = (
			);
			name = SwiftLint;
			outputFileListPaths = (
			);
			outputPaths = (
			);
			runOnlyForDeploymentPostprocessing = 0;
			shellPath = /bin/sh;
			shellScript = "export PATH=\"$PATH:/opt/homebrew/bin:/usr/local/bin\"\nif which swiftlint >/dev/null; then\n  swiftlint\nelse\n  echo \"warning: SwiftLint not installed, download from https://github.com/realm/SwiftLint\"\nfi\n";
		};
		838323E1A1509BFF74CB23C2 /* SwiftFormat */ = {
			isa = PBXShellScriptBuildPhase;
			alwaysOutOfDate = 1;
			buildActionMask = 2147483647;
			files = (
			);
			inputFileListPaths = (
			);
			inputPaths = (
			);
			name = SwiftFormat;
			outputFileListPaths = (
			);
			outputPaths = (
			);
			runOnlyForDeploymentPostprocessing = 0;
			shellPath = /bin/sh;
			shellScript = "export PATH=\"$PATH:/opt/homebrew/bin:/usr/local/bin\"\nif which swiftformat >/dev/null; then\n  swiftformat .\nelse\n  echo \"warning: SwiftFormat not installed, download from https://github.com/nicklockwood/SwiftFormat\"\nfi\n";
		};
/* End PBXShellScriptBuildPhase section */

/* Begin PBXSourcesBuildPhase section */
		10436E9F2EFD1ADA00B368D9 /* Sources */ = {
			isa = PBXSourcesBuildPhase;
			buildActionMask = 2147483647;
			files = (
				10436F052EFD1F1E00B368D9 /* SmileyRealityView.swift in Sources */,
				10436F062EFD1F1E00B368D9 /* Yoga_of_EatingTests.swift in Sources */,
				10436F072EFD1F1E00B368D9 /* YogaOfEatingApp.swift in Sources */,
				10436F082EFD1F1E00B368D9 /* MealLogicService.swift in Sources */,
				10436F172EFD8E5C00B368D9 /* MealTypeTag.swift in Sources */,
				10436F192EFD8E7200B368D9 /* PersistenceService.swift in Sources */,
				10436F0C2EFD1F1E00B368D9 /* NotificationManager.swift in Sources */,
				10436F0D2EFD1F1E00B368D9 /* MainScreenView.swift in Sources */,
				10436F0F2EFD1F1E00B368D9 /* Yoga_of_EatingUITests.swift in Sources */,
				10436F102EFD1F1E00B368D9 /* FlowchartWireView.swift in Sources */,
				10436F112EFD1F1E00B368D9 /* SensoryService.swift in Sources */,
				10436F122EFD1F1E00B368D9 /* MainViewModel.swift in Sources */,
				10436F132EFD1F1E00B368D9 /* Yoga_of_EatingUITestsLaunchTests.swift in Sources */,
				21A714312C15D1FB3CEFA46A /* Meal.swift in Sources */,
				FF0B321DF6484164ADC1CC51 /* SmileyState.swift in Sources */,
				D62B6A603E9A438FDEE103CB /* SettingsView.swift in Sources */,
				10436F152EFD89EB00B368D9 /* MealTypeSelectorView.swift in Sources */,
				DFF00FA35EA76A89054B4FA4 /* JournalBlockView.swift in Sources */,
			);
			runOnlyForDeploymentPostprocessing = 0;
		};
		10436EAC2EFD1ADB00B368D9 /* Sources */ = {
			isa = PBXSourcesBuildPhase;
			buildActionMask = 2147483647;
			files = (
				10436F242EFD984300B368D9 /* MainViewModelTests.swift in Sources */,
				10436F202EFD951500B368D9 /* MealTests.swift in Sources */,
				10436F212EFD951500B368D9 /* PersistenceServiceTests.swift in Sources */,
				10436F262EFD985300B368D9 /* NotificationManagerTests.swift in Sources */,
				10436F252EFD984D00B368D9 /* MealLogicTests.swift in Sources */,
			);
			runOnlyForDeploymentPostprocessing = 0;
		};
		10436EB62EFD1ADB00B368D9 /* Sources */ = {
			isa = PBXSourcesBuildPhase;
			buildActionMask = 2147483647;
			files = (
			);
			runOnlyForDeploymentPostprocessing = 0;
		};
/* End PBXSourcesBuildPhase section */

/* Begin PBXTargetDependency section */
		10436EB22EFD1ADB00B368D9 /* PBXTargetDependency */ = {
			isa = PBXTargetDependency;
			target = 10436EA22EFD1ADA00B368D9 /* Yoga of Eating */;
			targetProxy = 10436EB12EFD1ADB00B368D9 /* PBXContainerItemProxy */;
		};
		10436EBC2EFD1ADB00B368D9 /* PBXTargetDependency */ = {
			isa = PBXTargetDependency;
			target = 10436EA22EFD1ADA00B368D9 /* Yoga of Eating */;
			targetProxy = 10436EBB2EFD1ADB00B368D9 /* PBXContainerItemProxy */;
		};
/* End PBXTargetDependency section */

/* Begin XCBuildConfiguration section */
		10436EC22EFD1ADB00B368D9 /* Debug */ = {
			isa = XCBuildConfiguration;
			buildSettings = {
				ALWAYS_SEARCH_USER_PATHS = NO;
				ASSETCATALOG_COMPILER_GENERATE_SWIFT_ASSET_SYMBOL_EXTENSIONS = YES;
				CLANG_ANALYZER_NONNULL = YES;
				CLANG_ANALYZER_NUMBER_OBJECT_CONVERSION = YES_AGGRESSIVE;
				CLANG_CXX_LANGUAGE_STANDARD = "gnu++20";
				CLANG_ENABLE_MODULES = YES;
				CLANG_ENABLE_OBJC_ARC = YES;
				CLANG_ENABLE_OBJC_WEAK = YES;
				CLANG_WARN_BLOCK_CAPTURE_AUTORELEASING = YES;
				CLANG_WARN_BOOL_CONVERSION = YES;
				CLANG_WARN_COMMA = YES;
				CLANG_WARN_CONSTANT_CONVERSION = YES;
				CLANG_WARN_DEPRECATED_OBJC_IMPLEMENTATIONS = YES;
				CLANG_WARN_DIRECT_OBJC_ISA_USAGE = YES_ERROR;
				CLANG_WARN_DOCUMENTATION_COMMENTS = YES;
				CLANG_WARN_EMPTY_BODY = YES;
				CLANG_WARN_ENUM_CONVERSION = YES;
				CLANG_WARN_INFINITE_RECURSION = YES;
				CLANG_WARN_INT_CONVERSION = YES;
				CLANG_WARN_NON_LITERAL_NULL_CONVERSION = YES;
				CLANG_WARN_OBJC_IMPLICIT_RETAIN_SELF = YES;
				CLANG_WARN_OBJC_LITERAL_CONVERSION = YES;
				CLANG_WARN_OBJC_ROOT_CLASS = YES_ERROR;
				CLANG_WARN_QUOTED_INCLUDE_IN_FRAMEWORK_HEADER = YES;
				CLANG_WARN_RANGE_LOOP_ANALYSIS = YES;
				CLANG_WARN_STRICT_PROTOTYPES = YES;
				CLANG_WARN_SUSPICIOUS_MOVE = YES;
				CLANG_WARN_UNGUARDED_AVAILABILITY = YES_AGGRESSIVE;
				CLANG_WARN_UNREACHABLE_CODE = YES;
				CLANG_WARN__DUPLICATE_METHOD_MATCH = YES;
				COPY_PHASE_STRIP = NO;
				DEBUG_INFORMATION_FORMAT = dwarf;
				DEVELOPMENT_TEAM = CCVJR9P725;
				ENABLE_STRICT_OBJC_MSGSEND = YES;
				ENABLE_TESTABILITY = YES;
				ENABLE_USER_SCRIPT_SANDBOXING = YES;
				GCC_C_LANGUAGE_STANDARD = gnu17;
				GCC_DYNAMIC_NO_PIC = NO;
				GCC_NO_COMMON_BLOCKS = YES;
				GCC_OPTIMIZATION_LEVEL = 0;
				GCC_PREPROCESSOR_DEFINITIONS = (
					"DEBUG=1",
					"$(inherited)",
				);
				GCC_WARN_64_TO_32_BIT_CONVERSION = YES;
				GCC_WARN_ABOUT_RETURN_TYPE = YES_ERROR;
				GCC_WARN_UNDECLARED_SELECTOR = YES;
				GCC_WARN_UNINITIALIZED_AUTOS = YES_AGGRESSIVE;
				GCC_WARN_UNUSED_FUNCTION = YES;
				GCC_WARN_UNUSED_VARIABLE = YES;
				LOCALIZATION_PREFERS_STRING_CATALOGS = YES;
				MTL_ENABLE_DEBUG_INFO = INCLUDE_SOURCE;
				MTL_FAST_MATH = YES;
				ONLY_ACTIVE_ARCH = YES;
				SWIFT_ACTIVE_COMPILATION_CONDITIONS = "DEBUG $(inherited)";
				SWIFT_OPTIMIZATION_LEVEL = "-Onone";
			};
			name = Debug;
		};
		10436EC32EFD1ADB00B368D9 /* Release */ = {
			isa = XCBuildConfiguration;
			buildSettings = {
				ALWAYS_SEARCH_USER_PATHS = NO;
				ASSETCATALOG_COMPILER_GENERATE_SWIFT_ASSET_SYMBOL_EXTENSIONS = YES;
				CLANG_ANALYZER_NONNULL = YES;
				CLANG_ANALYZER_NUMBER_OBJECT_CONVERSION = YES_AGGRESSIVE;
				CLANG_CXX_LANGUAGE_STANDARD = "gnu++20";
				CLANG_ENABLE_MODULES = YES;
				CLANG_ENABLE_OBJC_ARC = YES;
				CLANG_ENABLE_OBJC_WEAK = YES;
				CLANG_WARN_BLOCK_CAPTURE_AUTORELEASING = YES;
				CLANG_WARN_BOOL_CONVERSION = YES;
				CLANG_WARN_COMMA = YES;
				CLANG_WARN_CONSTANT_CONVERSION = YES;
				CLANG_WARN_DEPRECATED_OBJC_IMPLEMENTATIONS = YES;
				CLANG_WARN_DIRECT_OBJC_ISA_USAGE = YES_ERROR;
				CLANG_WARN_DOCUMENTATION_COMMENTS = YES;
				CLANG_WARN_EMPTY_BODY = YES;
				CLANG_WARN_ENUM_CONVERSION = YES;
				CLANG_WARN_INFINITE_RECURSION = YES;
				CLANG_WARN_INT_CONVERSION = YES;
				CLANG_WARN_NON_LITERAL_NULL_CONVERSION = YES;
				CLANG_WARN_OBJC_IMPLICIT_RETAIN_SELF = YES;
				CLANG_WARN_OBJC_LITERAL_CONVERSION = YES;
				CLANG_WARN_OBJC_ROOT_CLASS = YES_ERROR;
				CLANG_WARN_QUOTED_INCLUDE_IN_FRAMEWORK_HEADER = YES;
				CLANG_WARN_RANGE_LOOP_ANALYSIS = YES;
				CLANG_WARN_STRICT_PROTOTYPES = YES;
				CLANG_WARN_SUSPICIOUS_MOVE = YES;
				CLANG_WARN_UNGUARDED_AVAILABILITY = YES_AGGRESSIVE;
				CLANG_WARN_UNREACHABLE_CODE = YES;
				CLANG_WARN__DUPLICATE_METHOD_MATCH = YES;
				COPY_PHASE_STRIP = NO;
				DEBUG_INFORMATION_FORMAT = "dwarf-with-dsym";
				DEVELOPMENT_TEAM = CCVJR9P725;
				ENABLE_NS_ASSERTIONS = NO;
				ENABLE_STRICT_OBJC_MSGSEND = YES;
				ENABLE_USER_SCRIPT_SANDBOXING = YES;
				GCC_C_LANGUAGE_STANDARD = gnu17;
				GCC_NO_COMMON_BLOCKS = YES;
				GCC_WARN_64_TO_32_BIT_CONVERSION = YES;
				GCC_WARN_ABOUT_RETURN_TYPE = YES_ERROR;
				GCC_WARN_UNDECLARED_SELECTOR = YES;
				GCC_WARN_UNINITIALIZED_AUTOS = YES_AGGRESSIVE;
				GCC_WARN_UNUSED_FUNCTION = YES;
				GCC_WARN_UNUSED_VARIABLE = YES;
				LOCALIZATION_PREFERS_STRING_CATALOGS = YES;
				MTL_ENABLE_DEBUG_INFO = NO;
				MTL_FAST_MATH = YES;
				SWIFT_COMPILATION_MODE = wholemodule;
			};
			name = Release;
		};
		10436EC52EFD1ADB00B368D9 /* Debug */ = {
			isa = XCBuildConfiguration;
			buildSettings = {
				ASSETCATALOG_COMPILER_APPICON_NAME = AppIcon;
				ASSETCATALOG_COMPILER_GLOBAL_ACCENT_COLOR_NAME = AccentColor;
				CODE_SIGN_STYLE = Automatic;
				CURRENT_PROJECT_VERSION = 1;
				DEVELOPMENT_TEAM = CCVJR9P725;
				ENABLE_APP_SANDBOX = YES;
				ENABLE_HARDENED_RUNTIME = YES;
				ENABLE_PREVIEWS = YES;
				ENABLE_USER_SCRIPT_SANDBOXING = NO;
				ENABLE_USER_SELECTED_FILES = readonly;
				GENERATE_INFOPLIST_FILE = YES;
				"INFOPLIST_KEY_UIApplicationSceneManifest_Generation[sdk=iphoneos*]" = YES;
				"INFOPLIST_KEY_UIApplicationSceneManifest_Generation[sdk=iphonesimulator*]" = YES;
				"INFOPLIST_KEY_UIApplicationSupportsIndirectInputEvents[sdk=iphoneos*]" = YES;
				"INFOPLIST_KEY_UIApplicationSupportsIndirectInputEvents[sdk=iphonesimulator*]" = YES;
				"INFOPLIST_KEY_UILaunchScreen_Generation[sdk=iphoneos*]" = YES;
				"INFOPLIST_KEY_UILaunchScreen_Generation[sdk=iphonesimulator*]" = YES;
				"INFOPLIST_KEY_UIStatusBarStyle[sdk=iphoneos*]" = UIStatusBarStyleDefault;
				"INFOPLIST_KEY_UIStatusBarStyle[sdk=iphonesimulator*]" = UIStatusBarStyleDefault;
				INFOPLIST_KEY_UISupportedInterfaceOrientations_iPad = "UIInterfaceOrientationPortrait UIInterfaceOrientationPortraitUpsideDown UIInterfaceOrientationLandscapeLeft UIInterfaceOrientationLandscapeRight";
				INFOPLIST_KEY_UISupportedInterfaceOrientations_iPhone = "UIInterfaceOrientationPortrait UIInterfaceOrientationLandscapeLeft UIInterfaceOrientationLandscapeRight";
				IPHONEOS_DEPLOYMENT_TARGET = 26.2;
				LD_RUNPATH_SEARCH_PATHS = "@executable_path/Frameworks";
				"LD_RUNPATH_SEARCH_PATHS[sdk=macosx*]" = "@executable_path/../Frameworks";
				MACOSX_DEPLOYMENT_TARGET = 26.2;
				MARKETING_VERSION = 1.0;
				PRODUCT_BUNDLE_IDENTIFIER = "com.yogaofeating.Yoga-of-Eating";
				PRODUCT_NAME = "$(TARGET_NAME)";
				REGISTER_APP_GROUPS = YES;
				SDKROOT = auto;
				STRING_CATALOG_GENERATE_SYMBOLS = YES;
				SUPPORTED_PLATFORMS = "iphoneos iphonesimulator macosx xros xrsimulator";
				SWIFT_APPROACHABLE_CONCURRENCY = YES;
				SWIFT_DEFAULT_ACTOR_ISOLATION = MainActor;
				SWIFT_EMIT_LOC_STRINGS = YES;
				SWIFT_UPCOMING_FEATURE_MEMBER_IMPORT_VISIBILITY = YES;
				SWIFT_VERSION = 5.0;
				TARGETED_DEVICE_FAMILY = "1,2,7";
				XROS_DEPLOYMENT_TARGET = 26.2;
			};
			name = Debug;
		};
		10436EC62EFD1ADB00B368D9 /* Release */ = {
			isa = XCBuildConfiguration;
			buildSettings = {
				ASSETCATALOG_COMPILER_APPICON_NAME = AppIcon;
				ASSETCATALOG_COMPILER_GLOBAL_ACCENT_COLOR_NAME = AccentColor;
				CODE_SIGN_STYLE = Automatic;
				CURRENT_PROJECT_VERSION = 1;
				DEVELOPMENT_TEAM = CCVJR9P725;
				ENABLE_APP_SANDBOX = YES;
				ENABLE_HARDENED_RUNTIME = YES;
				ENABLE_PREVIEWS = YES;
				ENABLE_USER_SCRIPT_SANDBOXING = NO;
				ENABLE_USER_SELECTED_FILES = readonly;
				GENERATE_INFOPLIST_FILE = YES;
				"INFOPLIST_KEY_UIApplicationSceneManifest_Generation[sdk=iphoneos*]" = YES;
				"INFOPLIST_KEY_UIApplicationSceneManifest_Generation[sdk=iphonesimulator*]" = YES;
				"INFOPLIST_KEY_UIApplicationSupportsIndirectInputEvents[sdk=iphoneos*]" = YES;
				"INFOPLIST_KEY_UIApplicationSupportsIndirectInputEvents[sdk=iphonesimulator*]" = YES;
				"INFOPLIST_KEY_UILaunchScreen_Generation[sdk=iphoneos*]" = YES;
				"INFOPLIST_KEY_UILaunchScreen_Generation[sdk=iphonesimulator*]" = YES;
				"INFOPLIST_KEY_UIStatusBarStyle[sdk=iphoneos*]" = UIStatusBarStyleDefault;
				"INFOPLIST_KEY_UIStatusBarStyle[sdk=iphonesimulator*]" = UIStatusBarStyleDefault;
				INFOPLIST_KEY_UISupportedInterfaceOrientations_iPad = "UIInterfaceOrientationPortrait UIInterfaceOrientationPortraitUpsideDown UIInterfaceOrientationLandscapeLeft UIInterfaceOrientationLandscapeRight";
				INFOPLIST_KEY_UISupportedInterfaceOrientations_iPhone = "UIInterfaceOrientationPortrait UIInterfaceOrientationLandscapeLeft UIInterfaceOrientationLandscapeRight";
				IPHONEOS_DEPLOYMENT_TARGET = 26.2;
				LD_RUNPATH_SEARCH_PATHS = "@executable_path/Frameworks";
				"LD_RUNPATH_SEARCH_PATHS[sdk=macosx*]" = "@executable_path/../Frameworks";
				MACOSX_DEPLOYMENT_TARGET = 26.2;
				MARKETING_VERSION = 1.0;
				PRODUCT_BUNDLE_IDENTIFIER = "com.yogaofeating.Yoga-of-Eating";
				PRODUCT_NAME = "$(TARGET_NAME)";
				REGISTER_APP_GROUPS = YES;
				SDKROOT = auto;
				STRING_CATALOG_GENERATE_SYMBOLS = YES;
				SUPPORTED_PLATFORMS = "iphoneos iphonesimulator macosx xros xrsimulator";
				SWIFT_APPROACHABLE_CONCURRENCY = YES;
				SWIFT_DEFAULT_ACTOR_ISOLATION = MainActor;
				SWIFT_EMIT_LOC_STRINGS = YES;
				SWIFT_UPCOMING_FEATURE_MEMBER_IMPORT_VISIBILITY = YES;
				SWIFT_VERSION = 5.0;
				TARGETED_DEVICE_FAMILY = "1,2,7";
				XROS_DEPLOYMENT_TARGET = 26.2;
			};
			name = Release;
		};
		10436EC82EFD1ADB00B368D9 /* Debug */ = {
			isa = XCBuildConfiguration;
			buildSettings = {
				BUNDLE_LOADER = "$(TEST_HOST)";
				CLANG_ENABLE_MODULES = YES;
				CODE_SIGN_STYLE = Automatic;
				CURRENT_PROJECT_VERSION = 1;
				DEVELOPMENT_TEAM = CCVJR9P725;
				GENERATE_INFOPLIST_FILE = YES;
				IPHONEOS_DEPLOYMENT_TARGET = 26.2;
				MACOSX_DEPLOYMENT_TARGET = 26.2;
				MARKETING_VERSION = 1.0;
				PRODUCT_BUNDLE_IDENTIFIER = "com.yogaofeating.Yoga-of-EatingTests";
				PRODUCT_NAME = "$(TARGET_NAME)";
				SDKROOT = auto;
				STRING_CATALOG_GENERATE_SYMBOLS = NO;
				SUPPORTED_PLATFORMS = "iphoneos iphonesimulator macosx xros xrsimulator";
				SWIFT_APPROACHABLE_CONCURRENCY = YES;
				SWIFT_EMIT_LOC_STRINGS = NO;
				SWIFT_OPTIMIZATION_LEVEL = "-Onone";
				SWIFT_UPCOMING_FEATURE_MEMBER_IMPORT_VISIBILITY = YES;
				SWIFT_VERSION = 5.0;
				TARGETED_DEVICE_FAMILY = "1,2,7";
				TEST_HOST = "$(BUILT_PRODUCTS_DIR)/Yoga of Eating.app/$(BUNDLE_EXECUTABLE_FOLDER_PATH)/Yoga of Eating";
				XROS_DEPLOYMENT_TARGET = 26.2;
			};
			name = Debug;
		};
		10436EC92EFD1ADB00B368D9 /* Release */ = {
			isa = XCBuildConfiguration;
			buildSettings = {
				BUNDLE_LOADER = "$(TEST_HOST)";
				CLANG_ENABLE_MODULES = YES;
				CODE_SIGN_STYLE = Automatic;
				CURRENT_PROJECT_VERSION = 1;
				DEVELOPMENT_TEAM = CCVJR9P725;
				GENERATE_INFOPLIST_FILE = YES;
				IPHONEOS_DEPLOYMENT_TARGET = 26.2;
				MACOSX_DEPLOYMENT_TARGET = 26.2;
				MARKETING_VERSION = 1.0;
				PRODUCT_BUNDLE_IDENTIFIER = "com.yogaofeating.Yoga-of-EatingTests";
				PRODUCT_NAME = "$(TARGET_NAME)";
				SDKROOT = auto;
				STRING_CATALOG_GENERATE_SYMBOLS = NO;
				SUPPORTED_PLATFORMS = "iphoneos iphonesimulator macosx xros xrsimulator";
				SWIFT_APPROACHABLE_CONCURRENCY = YES;
				SWIFT_EMIT_LOC_STRINGS = NO;
				SWIFT_UPCOMING_FEATURE_MEMBER_IMPORT_VISIBILITY = YES;
				SWIFT_VERSION = 5.0;
				TARGETED_DEVICE_FAMILY = "1,2,7";
				TEST_HOST = "$(BUILT_PRODUCTS_DIR)/Yoga of Eating.app/$(BUNDLE_EXECUTABLE_FOLDER_PATH)/Yoga of Eating";
				XROS_DEPLOYMENT_TARGET = 26.2;
			};
			name = Release;
		};
		10436ECB2EFD1ADB00B368D9 /* Debug */ = {
			isa = XCBuildConfiguration;
			buildSettings = {
				CODE_SIGN_STYLE = Automatic;
				CURRENT_PROJECT_VERSION = 1;
				DEVELOPMENT_TEAM = CCVJR9P725;
				GENERATE_INFOPLIST_FILE = YES;
				IPHONEOS_DEPLOYMENT_TARGET = 26.2;
				MACOSX_DEPLOYMENT_TARGET = 26.2;
				MARKETING_VERSION = 1.0;
				PRODUCT_BUNDLE_IDENTIFIER = "com.yogaofeating.Yoga-of-EatingUITests";
				PRODUCT_NAME = "$(TARGET_NAME)";
				SDKROOT = auto;
				STRING_CATALOG_GENERATE_SYMBOLS = NO;
				SUPPORTED_PLATFORMS = "iphoneos iphonesimulator macosx xros xrsimulator";
				SWIFT_APPROACHABLE_CONCURRENCY = YES;
				SWIFT_EMIT_LOC_STRINGS = NO;
				SWIFT_UPCOMING_FEATURE_MEMBER_IMPORT_VISIBILITY = YES;
				SWIFT_VERSION = 5.0;
				TARGETED_DEVICE_FAMILY = "1,2,7";
				TEST_TARGET_NAME = "Yoga of Eating";
				XROS_DEPLOYMENT_TARGET = 26.2;
			};
			name = Debug;
		};
		10436ECC2EFD1ADB00B368D9 /* Release */ = {
			isa = XCBuildConfiguration;
			buildSettings = {
				CODE_SIGN_STYLE = Automatic;
				CURRENT_PROJECT_VERSION = 1;
				DEVELOPMENT_TEAM = CCVJR9P725;
				GENERATE_INFOPLIST_FILE = YES;
				IPHONEOS_DEPLOYMENT_TARGET = 26.2;
				MACOSX_DEPLOYMENT_TARGET = 26.2;
				MARKETING_VERSION = 1.0;
				PRODUCT_BUNDLE_IDENTIFIER = "com.yogaofeating.Yoga-of-EatingUITests";
				PRODUCT_NAME = "$(TARGET_NAME)";
				SDKROOT = auto;
				STRING_CATALOG_GENERATE_SYMBOLS = NO;
				SUPPORTED_PLATFORMS = "iphoneos iphonesimulator macosx xros xrsimulator";
				SWIFT_APPROACHABLE_CONCURRENCY = YES;
				SWIFT_EMIT_LOC_STRINGS = NO;
				SWIFT_UPCOMING_FEATURE_MEMBER_IMPORT_VISIBILITY = YES;
				SWIFT_VERSION = 5.0;
				TARGETED_DEVICE_FAMILY = "1,2,7";
				TEST_TARGET_NAME = "Yoga of Eating";
				XROS_DEPLOYMENT_TARGET = 26.2;
			};
			name = Release;
		};
/* End XCBuildConfiguration section */

/* Begin XCConfigurationList section */
		10436E9E2EFD1ADA00B368D9 /* Build configuration list for PBXProject "Yoga of Eating" */ = {
			isa = XCConfigurationList;
			buildConfigurations = (
				10436EC22EFD1ADB00B368D9 /* Debug */,
				10436EC32EFD1ADB00B368D9 /* Release */,
			);
			defaultConfigurationIsVisible = 0;
			defaultConfigurationName = Release;
		};
		10436EC42EFD1ADB00B368D9 /* Build configuration list for PBXNativeTarget "Yoga of Eating" */ = {
			isa = XCConfigurationList;
			buildConfigurations = (
				10436EC52EFD1ADB00B368D9 /* Debug */,
				10436EC62EFD1ADB00B368D9 /* Release */,
			);
			defaultConfigurationIsVisible = 0;
			defaultConfigurationName = Release;
		};
		10436EC72EFD1ADB00B368D9 /* Build configuration list for PBXNativeTarget "Yoga of EatingTests" */ = {
			isa = XCConfigurationList;
			buildConfigurations = (
				10436EC82EFD1ADB00B368D9 /* Debug */,
				10436EC92EFD1ADB00B368D9 /* Release */,
			);
			defaultConfigurationIsVisible = 0;
			defaultConfigurationName = Release;
		};
		10436ECA2EFD1ADB00B368D9 /* Build configuration list for PBXNativeTarget "Yoga of EatingUITests" */ = {
			isa = XCConfigurationList;
			buildConfigurations = (
				10436ECB2EFD1ADB00B368D9 /* Debug */,
				10436ECC2EFD1ADB00B368D9 /* Release */,
			);
			defaultConfigurationIsVisible = 0;
			defaultConfigurationName = Release;
		};
/* End XCConfigurationList section */
	};
	rootObject = 10436E9B2EFD1ADA00B368D9 /* Project object */;
}
